// !$*UTF8*$!
{
	archiveVersion = 1;
	classes = {
	};
	objectVersion = 52;
	objects = {

/* Begin PBXBuildFile section */
		5235FA5B26B464950098DE9D /* Alamofire in Frameworks */ = {isa = PBXBuildFile; productRef = 5235FA5A26B464950098DE9D /* Alamofire */; };
		5235FA6F26B46B7B0098DE9D /* AuthRequestFactory.swift in Sources */ = {isa = PBXBuildFile; fileRef = 5235FA6E26B46B7B0098DE9D /* AuthRequestFactory.swift */; };
		5235FA7426B46B910098DE9D /* Auth.swift in Sources */ = {isa = PBXBuildFile; fileRef = 5235FA7326B46B910098DE9D /* Auth.swift */; };
		5235FA7926B46BA70098DE9D /* RequestFactory.swift in Sources */ = {isa = PBXBuildFile; fileRef = 5235FA7826B46BA70098DE9D /* RequestFactory.swift */; };
		5235FA7E26B46D010098DE9D /* LoginResult.swift in Sources */ = {isa = PBXBuildFile; fileRef = 5235FA7D26B46D010098DE9D /* LoginResult.swift */; };
		5235FA8326B46D120098DE9D /* User.swift in Sources */ = {isa = PBXBuildFile; fileRef = 5235FA8226B46D120098DE9D /* User.swift */; };
		5235FA8926B46D470098DE9D /* AbstractErrorParser.swift in Sources */ = {isa = PBXBuildFile; fileRef = 5235FA8826B46D470098DE9D /* AbstractErrorParser.swift */; };
		5235FA8E26B46D540098DE9D /* ErrorParser.swift in Sources */ = {isa = PBXBuildFile; fileRef = 5235FA8D26B46D540098DE9D /* ErrorParser.swift */; };
		5235FA9326B46D6A0098DE9D /* ResponseCodable.swift in Sources */ = {isa = PBXBuildFile; fileRef = 5235FA9226B46D6A0098DE9D /* ResponseCodable.swift */; };
		5235FA9826B46D810098DE9D /* AbstractRequestFactory.swift in Sources */ = {isa = PBXBuildFile; fileRef = 5235FA9726B46D810098DE9D /* AbstractRequestFactory.swift */; };
		5235FA9D26B46D8E0098DE9D /* RequestRouter.swift in Sources */ = {isa = PBXBuildFile; fileRef = 5235FA9C26B46D8E0098DE9D /* RequestRouter.swift */; };
		5235FAAA26B471D70098DE9D /* DataRequest+responseCodable.swift in Sources */ = {isa = PBXBuildFile; fileRef = 5235FAA926B471D70098DE9D /* DataRequest+responseCodable.swift */; };
		5235FAAF26B474410098DE9D /* CustomDecodableSerializer.swift in Sources */ = {isa = PBXBuildFile; fileRef = 5235FAAE26B474410098DE9D /* CustomDecodableSerializer.swift */; };
		5235FAB426B4945B0098DE9D /* Main.storyboard in Resources */ = {isa = PBXBuildFile; fileRef = 5235FAB326B4945B0098DE9D /* Main.storyboard */; };
		5235FAB926B494C30098DE9D /* ViewController.swift in Sources */ = {isa = PBXBuildFile; fileRef = 5235FAB826B494C30098DE9D /* ViewController.swift */; };
		523F672F26AAF2ED00C33A0D /* AppDelegate.swift in Sources */ = {isa = PBXBuildFile; fileRef = 523F672E26AAF2ED00C33A0D /* AppDelegate.swift */; };
		523F673126AAF2ED00C33A0D /* SceneDelegate.swift in Sources */ = {isa = PBXBuildFile; fileRef = 523F673026AAF2ED00C33A0D /* SceneDelegate.swift */; };
		523F673826AAF2F000C33A0D /* Assets.xcassets in Resources */ = {isa = PBXBuildFile; fileRef = 523F673726AAF2F000C33A0D /* Assets.xcassets */; };
		523F673B26AAF2F000C33A0D /* LaunchScreen.storyboard in Resources */ = {isa = PBXBuildFile; fileRef = 523F673926AAF2F000C33A0D /* LaunchScreen.storyboard */; };
		523F674626AAF2F100C33A0D /* ShopTests.swift in Sources */ = {isa = PBXBuildFile; fileRef = 523F674526AAF2F100C33A0D /* ShopTests.swift */; };
		523F675126AAF2F100C33A0D /* ShopUITests.swift in Sources */ = {isa = PBXBuildFile; fileRef = 523F675026AAF2F100C33A0D /* ShopUITests.swift */; };
		5265604B26B5DC20005B6019 /* RegisterRequestFactory.swift in Sources */ = {isa = PBXBuildFile; fileRef = 5265604A26B5DC20005B6019 /* RegisterRequestFactory.swift */; };
		5265605026B5DD4B005B6019 /* GeneralResult.swift in Sources */ = {isa = PBXBuildFile; fileRef = 5265604F26B5DD4B005B6019 /* GeneralResult.swift */; };
		5265605526B5DE67005B6019 /* Registration.swift in Sources */ = {isa = PBXBuildFile; fileRef = 5265605426B5DE67005B6019 /* Registration.swift */; };
		52920FD426B6BF5500133C1E /* ChangeUserDataRequestFactory.swift in Sources */ = {isa = PBXBuildFile; fileRef = 52920FD326B6BF5500133C1E /* ChangeUserDataRequestFactory.swift */; };
		52920FD926B6C01800133C1E /* ChangeUserData.swift in Sources */ = {isa = PBXBuildFile; fileRef = 52920FD826B6C01800133C1E /* ChangeUserData.swift */; };
		52AF77A526BD98C3004FB5D5 /* ProductRequestFactory.swift in Sources */ = {isa = PBXBuildFile; fileRef = 52AF77A426BD98C3004FB5D5 /* ProductRequestFactory.swift */; };
		52AF77AA26BD993A004FB5D5 /* Product.swift in Sources */ = {isa = PBXBuildFile; fileRef = 52AF77A926BD993A004FB5D5 /* Product.swift */; };
		52AF77AF26BDA187004FB5D5 /* ObtainProduct.swift in Sources */ = {isa = PBXBuildFile; fileRef = 52AF77AE26BDA187004FB5D5 /* ObtainProduct.swift */; };
/* End PBXBuildFile section */

/* Begin PBXContainerItemProxy section */
		523F674226AAF2F100C33A0D /* PBXContainerItemProxy */ = {
			isa = PBXContainerItemProxy;
			containerPortal = 523F672326AAF2ED00C33A0D /* Project object */;
			proxyType = 1;
			remoteGlobalIDString = 523F672A26AAF2ED00C33A0D;
			remoteInfo = Shop;
		};
		523F674D26AAF2F100C33A0D /* PBXContainerItemProxy */ = {
			isa = PBXContainerItemProxy;
			containerPortal = 523F672326AAF2ED00C33A0D /* Project object */;
			proxyType = 1;
			remoteGlobalIDString = 523F672A26AAF2ED00C33A0D;
			remoteInfo = Shop;
		};
/* End PBXContainerItemProxy section */

/* Begin PBXFileReference section */
		5235FA6E26B46B7B0098DE9D /* AuthRequestFactory.swift */ = {isa = PBXFileReference; lastKnownFileType = sourcecode.swift; path = AuthRequestFactory.swift; sourceTree = "<group>"; };
		5235FA7326B46B910098DE9D /* Auth.swift */ = {isa = PBXFileReference; lastKnownFileType = sourcecode.swift; path = Auth.swift; sourceTree = "<group>"; };
		5235FA7826B46BA70098DE9D /* RequestFactory.swift */ = {isa = PBXFileReference; lastKnownFileType = sourcecode.swift; path = RequestFactory.swift; sourceTree = "<group>"; };
		5235FA7D26B46D010098DE9D /* LoginResult.swift */ = {isa = PBXFileReference; lastKnownFileType = sourcecode.swift; path = LoginResult.swift; sourceTree = "<group>"; };
		5235FA8226B46D120098DE9D /* User.swift */ = {isa = PBXFileReference; lastKnownFileType = sourcecode.swift; path = User.swift; sourceTree = "<group>"; };
		5235FA8826B46D470098DE9D /* AbstractErrorParser.swift */ = {isa = PBXFileReference; lastKnownFileType = sourcecode.swift; path = AbstractErrorParser.swift; sourceTree = "<group>"; };
		5235FA8D26B46D540098DE9D /* ErrorParser.swift */ = {isa = PBXFileReference; lastKnownFileType = sourcecode.swift; path = ErrorParser.swift; sourceTree = "<group>"; };
		5235FA9226B46D6A0098DE9D /* ResponseCodable.swift */ = {isa = PBXFileReference; lastKnownFileType = sourcecode.swift; path = ResponseCodable.swift; sourceTree = "<group>"; };
		5235FA9726B46D810098DE9D /* AbstractRequestFactory.swift */ = {isa = PBXFileReference; lastKnownFileType = sourcecode.swift; path = AbstractRequestFactory.swift; sourceTree = "<group>"; };
		5235FA9C26B46D8E0098DE9D /* RequestRouter.swift */ = {isa = PBXFileReference; lastKnownFileType = sourcecode.swift; path = RequestRouter.swift; sourceTree = "<group>"; };
		5235FAA926B471D70098DE9D /* DataRequest+responseCodable.swift */ = {isa = PBXFileReference; lastKnownFileType = sourcecode.swift; path = "DataRequest+responseCodable.swift"; sourceTree = "<group>"; };
		5235FAAE26B474410098DE9D /* CustomDecodableSerializer.swift */ = {isa = PBXFileReference; lastKnownFileType = sourcecode.swift; path = CustomDecodableSerializer.swift; sourceTree = "<group>"; };
		5235FAB326B4945B0098DE9D /* Main.storyboard */ = {isa = PBXFileReference; lastKnownFileType = file.storyboard; path = Main.storyboard; sourceTree = "<group>"; };
		5235FAB826B494C30098DE9D /* ViewController.swift */ = {isa = PBXFileReference; lastKnownFileType = sourcecode.swift; path = ViewController.swift; sourceTree = "<group>"; };
		523F672B26AAF2ED00C33A0D /* Shop.app */ = {isa = PBXFileReference; explicitFileType = wrapper.application; includeInIndex = 0; path = Shop.app; sourceTree = BUILT_PRODUCTS_DIR; };
		523F672E26AAF2ED00C33A0D /* AppDelegate.swift */ = {isa = PBXFileReference; lastKnownFileType = sourcecode.swift; path = AppDelegate.swift; sourceTree = "<group>"; };
		523F673026AAF2ED00C33A0D /* SceneDelegate.swift */ = {isa = PBXFileReference; lastKnownFileType = sourcecode.swift; path = SceneDelegate.swift; sourceTree = "<group>"; };
		523F673726AAF2F000C33A0D /* Assets.xcassets */ = {isa = PBXFileReference; lastKnownFileType = folder.assetcatalog; path = Assets.xcassets; sourceTree = "<group>"; };
		523F673A26AAF2F000C33A0D /* Base */ = {isa = PBXFileReference; lastKnownFileType = file.storyboard; name = Base; path = Base.lproj/LaunchScreen.storyboard; sourceTree = "<group>"; };
		523F673C26AAF2F000C33A0D /* Info.plist */ = {isa = PBXFileReference; lastKnownFileType = text.plist.xml; path = Info.plist; sourceTree = "<group>"; };
		523F674126AAF2F100C33A0D /* ShopTests.xctest */ = {isa = PBXFileReference; explicitFileType = wrapper.cfbundle; includeInIndex = 0; path = ShopTests.xctest; sourceTree = BUILT_PRODUCTS_DIR; };
		523F674526AAF2F100C33A0D /* ShopTests.swift */ = {isa = PBXFileReference; lastKnownFileType = sourcecode.swift; path = ShopTests.swift; sourceTree = "<group>"; };
		523F674726AAF2F100C33A0D /* Info.plist */ = {isa = PBXFileReference; lastKnownFileType = text.plist.xml; path = Info.plist; sourceTree = "<group>"; };
		523F674C26AAF2F100C33A0D /* ShopUITests.xctest */ = {isa = PBXFileReference; explicitFileType = wrapper.cfbundle; includeInIndex = 0; path = ShopUITests.xctest; sourceTree = BUILT_PRODUCTS_DIR; };
		523F675026AAF2F100C33A0D /* ShopUITests.swift */ = {isa = PBXFileReference; lastKnownFileType = sourcecode.swift; path = ShopUITests.swift; sourceTree = "<group>"; };
		523F675226AAF2F100C33A0D /* Info.plist */ = {isa = PBXFileReference; lastKnownFileType = text.plist.xml; path = Info.plist; sourceTree = "<group>"; };
		5265604A26B5DC20005B6019 /* RegisterRequestFactory.swift */ = {isa = PBXFileReference; lastKnownFileType = sourcecode.swift; path = RegisterRequestFactory.swift; sourceTree = "<group>"; };
		5265604F26B5DD4B005B6019 /* GeneralResult.swift */ = {isa = PBXFileReference; lastKnownFileType = sourcecode.swift; path = GeneralResult.swift; sourceTree = "<group>"; };
		5265605426B5DE67005B6019 /* Registration.swift */ = {isa = PBXFileReference; lastKnownFileType = sourcecode.swift; path = Registration.swift; sourceTree = "<group>"; };
		52920FD326B6BF5500133C1E /* ChangeUserDataRequestFactory.swift */ = {isa = PBXFileReference; lastKnownFileType = sourcecode.swift; path = ChangeUserDataRequestFactory.swift; sourceTree = "<group>"; };
		52920FD826B6C01800133C1E /* ChangeUserData.swift */ = {isa = PBXFileReference; lastKnownFileType = sourcecode.swift; path = ChangeUserData.swift; sourceTree = "<group>"; };
		52AF77A426BD98C3004FB5D5 /* ProductRequestFactory.swift */ = {isa = PBXFileReference; lastKnownFileType = sourcecode.swift; path = ProductRequestFactory.swift; sourceTree = "<group>"; };
		52AF77A926BD993A004FB5D5 /* Product.swift */ = {isa = PBXFileReference; lastKnownFileType = sourcecode.swift; path = Product.swift; sourceTree = "<group>"; };
		52AF77AE26BDA187004FB5D5 /* ObtainProduct.swift */ = {isa = PBXFileReference; lastKnownFileType = sourcecode.swift; path = ObtainProduct.swift; sourceTree = "<group>"; };
/* End PBXFileReference section */

/* Begin PBXFrameworksBuildPhase section */
		523F672826AAF2ED00C33A0D /* Frameworks */ = {
			isa = PBXFrameworksBuildPhase;
			buildActionMask = 2147483647;
			files = (
				5235FA5B26B464950098DE9D /* Alamofire in Frameworks */,
			);
			runOnlyForDeploymentPostprocessing = 0;
		};
		523F673E26AAF2F100C33A0D /* Frameworks */ = {
			isa = PBXFrameworksBuildPhase;
			buildActionMask = 2147483647;
			files = (
			);
			runOnlyForDeploymentPostprocessing = 0;
		};
		523F674926AAF2F100C33A0D /* Frameworks */ = {
			isa = PBXFrameworksBuildPhase;
			buildActionMask = 2147483647;
			files = (
			);
			runOnlyForDeploymentPostprocessing = 0;
		};
/* End PBXFrameworksBuildPhase section */

/* Begin PBXGroup section */
		5235FA6D26B46B5D0098DE9D /* Network */ = {
			isa = PBXGroup;
			children = (
				52AF779F26BD947D004FB5D5 /* Account */,
				52AF77A026BD94A8004FB5D5 /* Products */,
				5235FA7826B46BA70098DE9D /* RequestFactory.swift */,
			);
			path = Network;
			sourceTree = "<group>";
		};
		5235FA8726B46D270098DE9D /* Network */ = {
			isa = PBXGroup;
			children = (
				5235FA8826B46D470098DE9D /* AbstractErrorParser.swift */,
				5235FA8D26B46D540098DE9D /* ErrorParser.swift */,
				5235FA9226B46D6A0098DE9D /* ResponseCodable.swift */,
				5235FA9726B46D810098DE9D /* AbstractRequestFactory.swift */,
				5235FA9C26B46D8E0098DE9D /* RequestRouter.swift */,
				5235FAA926B471D70098DE9D /* DataRequest+responseCodable.swift */,
				5235FAAE26B474410098DE9D /* CustomDecodableSerializer.swift */,
			);
			path = Network;
			sourceTree = "<group>";
		};
		523F672226AAF2ED00C33A0D = {
			isa = PBXGroup;
			children = (
				523F672D26AAF2ED00C33A0D /* Shop */,
				523F674426AAF2F100C33A0D /* ShopTests */,
				523F674F26AAF2F100C33A0D /* ShopUITests */,
				523F672C26AAF2ED00C33A0D /* Products */,
			);
			sourceTree = "<group>";
		};
		523F672C26AAF2ED00C33A0D /* Products */ = {
			isa = PBXGroup;
			children = (
				523F672B26AAF2ED00C33A0D /* Shop.app */,
				523F674126AAF2F100C33A0D /* ShopTests.xctest */,
				523F674C26AAF2F100C33A0D /* ShopUITests.xctest */,
			);
			name = Products;
			sourceTree = "<group>";
		};
		523F672D26AAF2ED00C33A0D /* Shop */ = {
			isa = PBXGroup;
			children = (
				52A70A3626AB175D00685C60 /* App */,
				52A70A3B26AB17EE00685C60 /* Core */,
				52A70A3C26AB180300685C60 /* Resources */,
				52A70A3D26AB182100685C60 /* Environments */,
			);
			path = Shop;
			sourceTree = "<group>";
		};
		523F674426AAF2F100C33A0D /* ShopTests */ = {
			isa = PBXGroup;
			children = (
				523F674526AAF2F100C33A0D /* ShopTests.swift */,
				523F674726AAF2F100C33A0D /* Info.plist */,
			);
			path = ShopTests;
			sourceTree = "<group>";
		};
		523F674F26AAF2F100C33A0D /* ShopUITests */ = {
			isa = PBXGroup;
			children = (
				523F675026AAF2F100C33A0D /* ShopUITests.swift */,
				523F675226AAF2F100C33A0D /* Info.plist */,
			);
			path = ShopUITests;
			sourceTree = "<group>";
		};
		5265604526B5DB95005B6019 /* Authentication */ = {
			isa = PBXGroup;
			children = (
				5235FA6E26B46B7B0098DE9D /* AuthRequestFactory.swift */,
				5235FA7326B46B910098DE9D /* Auth.swift */,
			);
			path = Authentication;
			sourceTree = "<group>";
		};
		5265604926B5DBC4005B6019 /* Registration */ = {
			isa = PBXGroup;
			children = (
				5265604A26B5DC20005B6019 /* RegisterRequestFactory.swift */,
				5265605426B5DE67005B6019 /* Registration.swift */,
			);
			path = Registration;
			sourceTree = "<group>";
		};
		52920FCF26B6B87C00133C1E /* ChangeUserData */ = {
			isa = PBXGroup;
			children = (
				52920FD326B6BF5500133C1E /* ChangeUserDataRequestFactory.swift */,
				52920FD826B6C01800133C1E /* ChangeUserData.swift */,
			);
			path = ChangeUserData;
			sourceTree = "<group>";
		};
		52A70A3626AB175D00685C60 /* App */ = {
			isa = PBXGroup;
			children = (
				523F672E26AAF2ED00C33A0D /* AppDelegate.swift */,
				523F673026AAF2ED00C33A0D /* SceneDelegate.swift */,
				52A70A3726AB176D00685C60 /* BusinessLogic */,
				52A70A3826AB177700685C60 /* Entity */,
				52A70A3926AB177D00685C60 /* Assembly */,
				52A70A3A26AB178400685C60 /* Flows */,
			);
			path = App;
			sourceTree = "<group>";
		};
		52A70A3726AB176D00685C60 /* BusinessLogic */ = {
			isa = PBXGroup;
			children = (
				5235FA6D26B46B5D0098DE9D /* Network */,
			);
			path = BusinessLogic;
			sourceTree = "<group>";
		};
		52A70A3826AB177700685C60 /* Entity */ = {
			isa = PBXGroup;
			children = (
				5235FA7D26B46D010098DE9D /* LoginResult.swift */,
				5235FA8226B46D120098DE9D /* User.swift */,
				5265604F26B5DD4B005B6019 /* GeneralResult.swift */,
				52AF77A926BD993A004FB5D5 /* Product.swift */,
			);
			path = Entity;
			sourceTree = "<group>";
		};
		52A70A3926AB177D00685C60 /* Assembly */ = {
			isa = PBXGroup;
			children = (
			);
			path = Assembly;
			sourceTree = "<group>";
		};
		52A70A3A26AB178400685C60 /* Flows */ = {
			isa = PBXGroup;
			children = (
				5235FAB326B4945B0098DE9D /* Main.storyboard */,
				5235FAB826B494C30098DE9D /* ViewController.swift */,
			);
			path = Flows;
			sourceTree = "<group>";
		};
		52A70A3B26AB17EE00685C60 /* Core */ = {
			isa = PBXGroup;
			children = (
				5235FA8726B46D270098DE9D /* Network */,
			);
			path = Core;
			sourceTree = "<group>";
		};
		52A70A3C26AB180300685C60 /* Resources */ = {
			isa = PBXGroup;
			children = (
				523F673926AAF2F000C33A0D /* LaunchScreen.storyboard */,
				523F673726AAF2F000C33A0D /* Assets.xcassets */,
			);
			path = Resources;
			sourceTree = "<group>";
		};
		52A70A3D26AB182100685C60 /* Environments */ = {
			isa = PBXGroup;
			children = (
				523F673C26AAF2F000C33A0D /* Info.plist */,
			);
			path = Environments;
			sourceTree = "<group>";
		};
		52AF779F26BD947D004FB5D5 /* Account */ = {
			isa = PBXGroup;
			children = (
				5265604926B5DBC4005B6019 /* Registration */,
				5265604526B5DB95005B6019 /* Authentication */,
				52920FCF26B6B87C00133C1E /* ChangeUserData */,
			);
			path = Account;
			sourceTree = "<group>";
		};
		52AF77A026BD94A8004FB5D5 /* Products */ = {
			isa = PBXGroup;
			children = (
				52AF77A426BD98C3004FB5D5 /* ProductRequestFactory.swift */,
				52AF77AE26BDA187004FB5D5 /* ObtainProduct.swift */,
			);
			path = Products;
			sourceTree = "<group>";
		};
/* End PBXGroup section */

/* Begin PBXNativeTarget section */
		523F672A26AAF2ED00C33A0D /* Shop */ = {
			isa = PBXNativeTarget;
			buildConfigurationList = 523F675526AAF2F100C33A0D /* Build configuration list for PBXNativeTarget "Shop" */;
			buildPhases = (
				523F672726AAF2ED00C33A0D /* Sources */,
				523F672826AAF2ED00C33A0D /* Frameworks */,
				523F672926AAF2ED00C33A0D /* Resources */,
			);
			buildRules = (
			);
			dependencies = (
			);
			name = Shop;
			packageProductDependencies = (
				5235FA5A26B464950098DE9D /* Alamofire */,
			);
			productName = Shop;
			productReference = 523F672B26AAF2ED00C33A0D /* Shop.app */;
			productType = "com.apple.product-type.application";
		};
		523F674026AAF2F100C33A0D /* ShopTests */ = {
			isa = PBXNativeTarget;
			buildConfigurationList = 523F675826AAF2F100C33A0D /* Build configuration list for PBXNativeTarget "ShopTests" */;
			buildPhases = (
				523F673D26AAF2F100C33A0D /* Sources */,
				523F673E26AAF2F100C33A0D /* Frameworks */,
				523F673F26AAF2F100C33A0D /* Resources */,
			);
			buildRules = (
			);
			dependencies = (
				523F674326AAF2F100C33A0D /* PBXTargetDependency */,
			);
			name = ShopTests;
			productName = ShopTests;
			productReference = 523F674126AAF2F100C33A0D /* ShopTests.xctest */;
			productType = "com.apple.product-type.bundle.unit-test";
		};
		523F674B26AAF2F100C33A0D /* ShopUITests */ = {
			isa = PBXNativeTarget;
			buildConfigurationList = 523F675B26AAF2F100C33A0D /* Build configuration list for PBXNativeTarget "ShopUITests" */;
			buildPhases = (
				523F674826AAF2F100C33A0D /* Sources */,
				523F674926AAF2F100C33A0D /* Frameworks */,
				523F674A26AAF2F100C33A0D /* Resources */,
			);
			buildRules = (
			);
			dependencies = (
				523F674E26AAF2F100C33A0D /* PBXTargetDependency */,
			);
			name = ShopUITests;
			productName = ShopUITests;
			productReference = 523F674C26AAF2F100C33A0D /* ShopUITests.xctest */;
			productType = "com.apple.product-type.bundle.ui-testing";
		};
/* End PBXNativeTarget section */

/* Begin PBXProject section */
		523F672326AAF2ED00C33A0D /* Project object */ = {
			isa = PBXProject;
			attributes = {
				LastSwiftUpdateCheck = 1240;
				LastUpgradeCheck = 1240;
				TargetAttributes = {
					523F672A26AAF2ED00C33A0D = {
						CreatedOnToolsVersion = 12.4;
					};
					523F674026AAF2F100C33A0D = {
						CreatedOnToolsVersion = 12.4;
						TestTargetID = 523F672A26AAF2ED00C33A0D;
					};
					523F674B26AAF2F100C33A0D = {
						CreatedOnToolsVersion = 12.4;
						TestTargetID = 523F672A26AAF2ED00C33A0D;
					};
				};
			};
			buildConfigurationList = 523F672626AAF2ED00C33A0D /* Build configuration list for PBXProject "Shop" */;
			compatibilityVersion = "Xcode 9.3";
			developmentRegion = en;
			hasScannedForEncodings = 0;
			knownRegions = (
				en,
				Base,
			);
			mainGroup = 523F672226AAF2ED00C33A0D;
			packageReferences = (
				5235FA5926B464950098DE9D /* XCRemoteSwiftPackageReference "Alamofire" */,
			);
			productRefGroup = 523F672C26AAF2ED00C33A0D /* Products */;
			projectDirPath = "";
			projectRoot = "";
			targets = (
				523F672A26AAF2ED00C33A0D /* Shop */,
				523F674026AAF2F100C33A0D /* ShopTests */,
				523F674B26AAF2F100C33A0D /* ShopUITests */,
			);
		};
/* End PBXProject section */

/* Begin PBXResourcesBuildPhase section */
		523F672926AAF2ED00C33A0D /* Resources */ = {
			isa = PBXResourcesBuildPhase;
			buildActionMask = 2147483647;
			files = (
				5235FAB426B4945B0098DE9D /* Main.storyboard in Resources */,
				523F673B26AAF2F000C33A0D /* LaunchScreen.storyboard in Resources */,
				523F673826AAF2F000C33A0D /* Assets.xcassets in Resources */,
			);
			runOnlyForDeploymentPostprocessing = 0;
		};
		523F673F26AAF2F100C33A0D /* Resources */ = {
			isa = PBXResourcesBuildPhase;
			buildActionMask = 2147483647;
			files = (
			);
			runOnlyForDeploymentPostprocessing = 0;
		};
		523F674A26AAF2F100C33A0D /* Resources */ = {
			isa = PBXResourcesBuildPhase;
			buildActionMask = 2147483647;
			files = (
			);
			runOnlyForDeploymentPostprocessing = 0;
		};
/* End PBXResourcesBuildPhase section */

/* Begin PBXSourcesBuildPhase section */
		523F672726AAF2ED00C33A0D /* Sources */ = {
			isa = PBXSourcesBuildPhase;
			buildActionMask = 2147483647;
			files = (
				5235FAB926B494C30098DE9D /* ViewController.swift in Sources */,
				5235FA9826B46D810098DE9D /* AbstractRequestFactory.swift in Sources */,
				5235FA7E26B46D010098DE9D /* LoginResult.swift in Sources */,
				52AF77A526BD98C3004FB5D5 /* ProductRequestFactory.swift in Sources */,
				5235FA9326B46D6A0098DE9D /* ResponseCodable.swift in Sources */,
				52AF77AA26BD993A004FB5D5 /* Product.swift in Sources */,
				523F672F26AAF2ED00C33A0D /* AppDelegate.swift in Sources */,
				5235FAAF26B474410098DE9D /* CustomDecodableSerializer.swift in Sources */,
				52920FD926B6C01800133C1E /* ChangeUserData.swift in Sources */,
				5235FA7926B46BA70098DE9D /* RequestFactory.swift in Sources */,
				5265605026B5DD4B005B6019 /* GeneralResult.swift in Sources */,
				523F673126AAF2ED00C33A0D /* SceneDelegate.swift in Sources */,
				5235FA8E26B46D540098DE9D /* ErrorParser.swift in Sources */,
				5235FA6F26B46B7B0098DE9D /* AuthRequestFactory.swift in Sources */,
				52920FD426B6BF5500133C1E /* ChangeUserDataRequestFactory.swift in Sources */,
				5265605526B5DE67005B6019 /* Registration.swift in Sources */,
				5235FAAA26B471D70098DE9D /* DataRequest+responseCodable.swift in Sources */,
				5235FA9D26B46D8E0098DE9D /* RequestRouter.swift in Sources */,
				5235FA7426B46B910098DE9D /* Auth.swift in Sources */,
				5265604B26B5DC20005B6019 /* RegisterRequestFactory.swift in Sources */,
				52AF77AF26BDA187004FB5D5 /* ObtainProduct.swift in Sources */,
				5235FA8326B46D120098DE9D /* User.swift in Sources */,
				5235FA8926B46D470098DE9D /* AbstractErrorParser.swift in Sources */,
			);
			runOnlyForDeploymentPostprocessing = 0;
		};
		523F673D26AAF2F100C33A0D /* Sources */ = {
			isa = PBXSourcesBuildPhase;
			buildActionMask = 2147483647;
			files = (
				523F674626AAF2F100C33A0D /* ShopTests.swift in Sources */,
			);
			runOnlyForDeploymentPostprocessing = 0;
		};
		523F674826AAF2F100C33A0D /* Sources */ = {
			isa = PBXSourcesBuildPhase;
			buildActionMask = 2147483647;
			files = (
				523F675126AAF2F100C33A0D /* ShopUITests.swift in Sources */,
			);
			runOnlyForDeploymentPostprocessing = 0;
		};
/* End PBXSourcesBuildPhase section */

/* Begin PBXTargetDependency section */
		523F674326AAF2F100C33A0D /* PBXTargetDependency */ = {
			isa = PBXTargetDependency;
			target = 523F672A26AAF2ED00C33A0D /* Shop */;
			targetProxy = 523F674226AAF2F100C33A0D /* PBXContainerItemProxy */;
		};
		523F674E26AAF2F100C33A0D /* PBXTargetDependency */ = {
			isa = PBXTargetDependency;
			target = 523F672A26AAF2ED00C33A0D /* Shop */;
			targetProxy = 523F674D26AAF2F100C33A0D /* PBXContainerItemProxy */;
		};
/* End PBXTargetDependency section */

/* Begin PBXVariantGroup section */
		523F673926AAF2F000C33A0D /* LaunchScreen.storyboard */ = {
			isa = PBXVariantGroup;
			children = (
				523F673A26AAF2F000C33A0D /* Base */,
			);
			name = LaunchScreen.storyboard;
			sourceTree = "<group>";
		};
/* End PBXVariantGroup section */

/* Begin XCBuildConfiguration section */
		523F675326AAF2F100C33A0D /* Debug */ = {
			isa = XCBuildConfiguration;
			buildSettings = {
				ALWAYS_SEARCH_USER_PATHS = NO;
				CLANG_ANALYZER_NONNULL = YES;
				CLANG_ANALYZER_NUMBER_OBJECT_CONVERSION = YES_AGGRESSIVE;
				CLANG_CXX_LANGUAGE_STANDARD = "gnu++14";
				CLANG_CXX_LIBRARY = "libc++";
				CLANG_ENABLE_MODULES = YES;
				CLANG_ENABLE_OBJC_ARC = YES;
				CLANG_ENABLE_OBJC_WEAK = YES;
				CLANG_WARN_BLOCK_CAPTURE_AUTORELEASING = YES;
				CLANG_WARN_BOOL_CONVERSION = YES;
				CLANG_WARN_COMMA = YES;
				CLANG_WARN_CONSTANT_CONVERSION = YES;
				CLANG_WARN_DEPRECATED_OBJC_IMPLEMENTATIONS = YES;
				CLANG_WARN_DIRECT_OBJC_ISA_USAGE = YES_ERROR;
				CLANG_WARN_DOCUMENTATION_COMMENTS = YES;
				CLANG_WARN_EMPTY_BODY = YES;
				CLANG_WARN_ENUM_CONVERSION = YES;
				CLANG_WARN_INFINITE_RECURSION = YES;
				CLANG_WARN_INT_CONVERSION = YES;
				CLANG_WARN_NON_LITERAL_NULL_CONVERSION = YES;
				CLANG_WARN_OBJC_IMPLICIT_RETAIN_SELF = YES;
				CLANG_WARN_OBJC_LITERAL_CONVERSION = YES;
				CLANG_WARN_OBJC_ROOT_CLASS = YES_ERROR;
				CLANG_WARN_QUOTED_INCLUDE_IN_FRAMEWORK_HEADER = YES;
				CLANG_WARN_RANGE_LOOP_ANALYSIS = YES;
				CLANG_WARN_STRICT_PROTOTYPES = YES;
				CLANG_WARN_SUSPICIOUS_MOVE = YES;
				CLANG_WARN_UNGUARDED_AVAILABILITY = YES_AGGRESSIVE;
				CLANG_WARN_UNREACHABLE_CODE = YES;
				CLANG_WARN__DUPLICATE_METHOD_MATCH = YES;
				COPY_PHASE_STRIP = NO;
				DEBUG_INFORMATION_FORMAT = dwarf;
				ENABLE_STRICT_OBJC_MSGSEND = YES;
				ENABLE_TESTABILITY = YES;
				GCC_C_LANGUAGE_STANDARD = gnu11;
				GCC_DYNAMIC_NO_PIC = NO;
				GCC_NO_COMMON_BLOCKS = YES;
				GCC_OPTIMIZATION_LEVEL = 0;
				GCC_PREPROCESSOR_DEFINITIONS = (
					"DEBUG=1",
					"$(inherited)",
				);
				GCC_WARN_64_TO_32_BIT_CONVERSION = YES;
				GCC_WARN_ABOUT_RETURN_TYPE = YES_ERROR;
				GCC_WARN_UNDECLARED_SELECTOR = YES;
				GCC_WARN_UNINITIALIZED_AUTOS = YES_AGGRESSIVE;
				GCC_WARN_UNUSED_FUNCTION = YES;
				GCC_WARN_UNUSED_VARIABLE = YES;
				IPHONEOS_DEPLOYMENT_TARGET = 14.4;
				MTL_ENABLE_DEBUG_INFO = INCLUDE_SOURCE;
				MTL_FAST_MATH = YES;
				ONLY_ACTIVE_ARCH = YES;
				SDKROOT = iphoneos;
				SWIFT_ACTIVE_COMPILATION_CONDITIONS = DEBUG;
				SWIFT_OPTIMIZATION_LEVEL = "-Onone";
			};
			name = Debug;
		};
		523F675426AAF2F100C33A0D /* Release */ = {
			isa = XCBuildConfiguration;
			buildSettings = {
				ALWAYS_SEARCH_USER_PATHS = NO;
				CLANG_ANALYZER_NONNULL = YES;
				CLANG_ANALYZER_NUMBER_OBJECT_CONVERSION = YES_AGGRESSIVE;
				CLANG_CXX_LANGUAGE_STANDARD = "gnu++14";
				CLANG_CXX_LIBRARY = "libc++";
				CLANG_ENABLE_MODULES = YES;
				CLANG_ENABLE_OBJC_ARC = YES;
				CLANG_ENABLE_OBJC_WEAK = YES;
				CLANG_WARN_BLOCK_CAPTURE_AUTORELEASING = YES;
				CLANG_WARN_BOOL_CONVERSION = YES;
				CLANG_WARN_COMMA = YES;
				CLANG_WARN_CONSTANT_CONVERSION = YES;
				CLANG_WARN_DEPRECATED_OBJC_IMPLEMENTATIONS = YES;
				CLANG_WARN_DIRECT_OBJC_ISA_USAGE = YES_ERROR;
				CLANG_WARN_DOCUMENTATION_COMMENTS = YES;
				CLANG_WARN_EMPTY_BODY = YES;
				CLANG_WARN_ENUM_CONVERSION = YES;
				CLANG_WARN_INFINITE_RECURSION = YES;
				CLANG_WARN_INT_CONVERSION = YES;
				CLANG_WARN_NON_LITERAL_NULL_CONVERSION = YES;
				CLANG_WARN_OBJC_IMPLICIT_RETAIN_SELF = YES;
				CLANG_WARN_OBJC_LITERAL_CONVERSION = YES;
				CLANG_WARN_OBJC_ROOT_CLASS = YES_ERROR;
				CLANG_WARN_QUOTED_INCLUDE_IN_FRAMEWORK_HEADER = YES;
				CLANG_WARN_RANGE_LOOP_ANALYSIS = YES;
				CLANG_WARN_STRICT_PROTOTYPES = YES;
				CLANG_WARN_SUSPICIOUS_MOVE = YES;
				CLANG_WARN_UNGUARDED_AVAILABILITY = YES_AGGRESSIVE;
				CLANG_WARN_UNREACHABLE_CODE = YES;
				CLANG_WARN__DUPLICATE_METHOD_MATCH = YES;
				COPY_PHASE_STRIP = NO;
				DEBUG_INFORMATION_FORMAT = "dwarf-with-dsym";
				ENABLE_NS_ASSERTIONS = NO;
				ENABLE_STRICT_OBJC_MSGSEND = YES;
				GCC_C_LANGUAGE_STANDARD = gnu11;
				GCC_NO_COMMON_BLOCKS = YES;
				GCC_WARN_64_TO_32_BIT_CONVERSION = YES;
				GCC_WARN_ABOUT_RETURN_TYPE = YES_ERROR;
				GCC_WARN_UNDECLARED_SELECTOR = YES;
				GCC_WARN_UNINITIALIZED_AUTOS = YES_AGGRESSIVE;
				GCC_WARN_UNUSED_FUNCTION = YES;
				GCC_WARN_UNUSED_VARIABLE = YES;
				IPHONEOS_DEPLOYMENT_TARGET = 14.4;
				MTL_ENABLE_DEBUG_INFO = NO;
				MTL_FAST_MATH = YES;
				SDKROOT = iphoneos;
				SWIFT_COMPILATION_MODE = wholemodule;
				SWIFT_OPTIMIZATION_LEVEL = "-O";
				VALIDATE_PRODUCT = YES;
			};
			name = Release;
		};
		523F675626AAF2F100C33A0D /* Debug */ = {
			isa = XCBuildConfiguration;
			buildSettings = {
				ASSETCATALOG_COMPILER_APPICON_NAME = AppIcon;
				ASSETCATALOG_COMPILER_GLOBAL_ACCENT_COLOR_NAME = AccentColor;
				CODE_SIGN_STYLE = Automatic;
				DEVELOPMENT_TEAM = "";
				INFOPLIST_FILE = Shop/Environments/Info.plist;
				LD_RUNPATH_SEARCH_PATHS = (
					"$(inherited)",
					"@executable_path/Frameworks",
				);
				PRODUCT_BUNDLE_IDENTIFIER = "GU-iOS-646.Shop";
				PRODUCT_NAME = "$(TARGET_NAME)";
				SWIFT_VERSION = 5.0;
				TARGETED_DEVICE_FAMILY = "1,2";
			};
			name = Debug;
		};
		523F675726AAF2F100C33A0D /* Release */ = {
			isa = XCBuildConfiguration;
			buildSettings = {
				ASSETCATALOG_COMPILER_APPICON_NAME = AppIcon;
				ASSETCATALOG_COMPILER_GLOBAL_ACCENT_COLOR_NAME = AccentColor;
				CODE_SIGN_STYLE = Automatic;
				DEVELOPMENT_TEAM = "";
				INFOPLIST_FILE = Shop/Environments/Info.plist;
				LD_RUNPATH_SEARCH_PATHS = (
					"$(inherited)",
					"@executable_path/Frameworks",
				);
				PRODUCT_BUNDLE_IDENTIFIER = "GU-iOS-646.Shop";
				PRODUCT_NAME = "$(TARGET_NAME)";
				SWIFT_VERSION = 5.0;
				TARGETED_DEVICE_FAMILY = "1,2";
			};
			name = Release;
		};
		523F675926AAF2F100C33A0D /* Debug */ = {
			isa = XCBuildConfiguration;
			buildSettings = {
				ALWAYS_EMBED_SWIFT_STANDARD_LIBRARIES = YES;
				BUNDLE_LOADER = "$(TEST_HOST)";
				CODE_SIGN_STYLE = Automatic;
				INFOPLIST_FILE = ShopTests/Info.plist;
				IPHONEOS_DEPLOYMENT_TARGET = 14.4;
				LD_RUNPATH_SEARCH_PATHS = (
					"$(inherited)",
					"@executable_path/Frameworks",
					"@loader_path/Frameworks",
				);
				PRODUCT_BUNDLE_IDENTIFIER = "GU-iOS-646.ShopTests";
				PRODUCT_NAME = "$(TARGET_NAME)";
				SWIFT_VERSION = 5.0;
				TARGETED_DEVICE_FAMILY = "1,2";
				TEST_HOST = "$(BUILT_PRODUCTS_DIR)/Shop.app/Shop";
			};
			name = Debug;
		};
		523F675A26AAF2F100C33A0D /* Release */ = {
			isa = XCBuildConfiguration;
			buildSettings = {
				ALWAYS_EMBED_SWIFT_STANDARD_LIBRARIES = YES;
				BUNDLE_LOADER = "$(TEST_HOST)";
				CODE_SIGN_STYLE = Automatic;
				INFOPLIST_FILE = ShopTests/Info.plist;
				IPHONEOS_DEPLOYMENT_TARGET = 14.4;
				LD_RUNPATH_SEARCH_PATHS = (
					"$(inherited)",
					"@executable_path/Frameworks",
					"@loader_path/Frameworks",
				);
				PRODUCT_BUNDLE_IDENTIFIER = "GU-iOS-646.ShopTests";
				PRODUCT_NAME = "$(TARGET_NAME)";
				SWIFT_VERSION = 5.0;
				TARGETED_DEVICE_FAMILY = "1,2";
				TEST_HOST = "$(BUILT_PRODUCTS_DIR)/Shop.app/Shop";
			};
			name = Release;
		};
		523F675C26AAF2F100C33A0D /* Debug */ = {
			isa = XCBuildConfiguration;
			buildSettings = {
				ALWAYS_EMBED_SWIFT_STANDARD_LIBRARIES = YES;
				CODE_SIGN_STYLE = Automatic;
				INFOPLIST_FILE = ShopUITests/Info.plist;
				LD_RUNPATH_SEARCH_PATHS = (
					"$(inherited)",
					"@executable_path/Frameworks",
					"@loader_path/Frameworks",
				);
				PRODUCT_BUNDLE_IDENTIFIER = "GU-iOS-646.ShopUITests";
				PRODUCT_NAME = "$(TARGET_NAME)";
				SWIFT_VERSION = 5.0;
				TARGETED_DEVICE_FAMILY = "1,2";
				TEST_TARGET_NAME = Shop;
			};
			name = Debug;
		};
		523F675D26AAF2F100C33A0D /* Release */ = {
			isa = XCBuildConfiguration;
			buildSettings = {
				ALWAYS_EMBED_SWIFT_STANDARD_LIBRARIES = YES;
				CODE_SIGN_STYLE = Automatic;
				INFOPLIST_FILE = ShopUITests/Info.plist;
				LD_RUNPATH_SEARCH_PATHS = (
					"$(inherited)",
					"@executable_path/Frameworks",
					"@loader_path/Frameworks",
				);
				PRODUCT_BUNDLE_IDENTIFIER = "GU-iOS-646.ShopUITests";
				PRODUCT_NAME = "$(TARGET_NAME)";
				SWIFT_VERSION = 5.0;
				TARGETED_DEVICE_FAMILY = "1,2";
				TEST_TARGET_NAME = Shop;
			};
			name = Release;
		};
/* End XCBuildConfiguration section */

/* Begin XCConfigurationList section */
		523F672626AAF2ED00C33A0D /* Build configuration list for PBXProject "Shop" */ = {
			isa = XCConfigurationList;
			buildConfigurations = (
				523F675326AAF2F100C33A0D /* Debug */,
				523F675426AAF2F100C33A0D /* Release */,
			);
			defaultConfigurationIsVisible = 0;
			defaultConfigurationName = Release;
		};
		523F675526AAF2F100C33A0D /* Build configuration list for PBXNativeTarget "Shop" */ = {
			isa = XCConfigurationList;
			buildConfigurations = (
				523F675626AAF2F100C33A0D /* Debug */,
				523F675726AAF2F100C33A0D /* Release */,
			);
			defaultConfigurationIsVisible = 0;
			defaultConfigurationName = Release;
		};
		523F675826AAF2F100C33A0D /* Build configuration list for PBXNativeTarget "ShopTests" */ = {
			isa = XCConfigurationList;
			buildConfigurations = (
				523F675926AAF2F100C33A0D /* Debug */,
				523F675A26AAF2F100C33A0D /* Release */,
			);
			defaultConfigurationIsVisible = 0;
			defaultConfigurationName = Release;
		};
		523F675B26AAF2F100C33A0D /* Build configuration list for PBXNativeTarget "ShopUITests" */ = {
			isa = XCConfigurationList;
			buildConfigurations = (
				523F675C26AAF2F100C33A0D /* Debug */,
				523F675D26AAF2F100C33A0D /* Release */,
			);
			defaultConfigurationIsVisible = 0;
			defaultConfigurationName = Release;
		};
/* End XCConfigurationList section */

/* Begin XCRemoteSwiftPackageReference section */
		5235FA5926B464950098DE9D /* XCRemoteSwiftPackageReference "Alamofire" */ = {
			isa = XCRemoteSwiftPackageReference;
			repositoryURL = "https://github.com/Alamofire/Alamofire";
			requirement = {
				kind = upToNextMajorVersion;
				minimumVersion = 5.4.3;
			};
		};
/* End XCRemoteSwiftPackageReference section */

/* Begin XCSwiftPackageProductDependency section */
		5235FA5A26B464950098DE9D /* Alamofire */ = {
			isa = XCSwiftPackageProductDependency;
			package = 5235FA5926B464950098DE9D /* XCRemoteSwiftPackageReference "Alamofire" */;
			productName = Alamofire;
		};
/* End XCSwiftPackageProductDependency section */
	};
	rootObject = 523F672326AAF2ED00C33A0D /* Project object */;
}
